
Microsoft Visual Studio Solution File, Format Version 12.00
# Visual Studio Version 16
VisualStudioVersion = 16.0.29519.87
MinimumVisualStudioVersion = 10.0.40219.1
Project("{FAE04EC0-301F-11D3-BF4B-00C04F79EFBC}") = "XVLauncher", "XVLauncher.csproj", "{D97AEC5F-F2A2-4999-9B4C-36F32821CEAC}"
EndProject
Project("{54435603-DBB4-11D2-8724-00A0C9A8B90C}") = "SSILauncherInstaller", "..\SSILauncherInstaller\SSILauncherInstaller.vdproj", "{8F5EE15A-9A58-499B-8DD7-B81AF65A99BF}"
EndProject
Global
	GlobalSection(SolutionConfigurationPlatforms) = preSolution
		Debug|Any CPU = Debug|Any CPU
		Release|Any CPU = Release|Any CPU
	EndGlobalSection
	GlobalSection(ProjectConfigurationPlatforms) = postSolution
		{D97AEC5F-F2A2-4999-9B4C-36F32821CEAC}.Debug|Any CPU.ActiveCfg = Debug|Any CPU
		{D97AEC5F-F2A2-4999-9B4C-36F32821CEAC}.Debug|Any CPU.Build.0 = Debug|Any CPU
		{D97AEC5F-F2A2-4999-9B4C-36F32821CEAC}.Release|Any CPU.ActiveCfg = Release|Any CPU
		{D97AEC5F-F2A2-4999-9B4C-36F32821CEAC}.Release|Any CPU.Build.0 = Release|Any CPU
		{8F5EE15A-9A58-499B-8DD7-B81AF65A99BF}.Debug|Any CPU.ActiveCfg = Debug
		{8F5EE15A-9A58-499B-8DD7-B81AF65A99BF}.Release|Any CPU.ActiveCfg = Release
	EndGlobalSection
	GlobalSection(SolutionProperties) = preSolution
		HideSolutionNode = FALSE
	EndGlobalSection
	GlobalSection(ExtensibilityGlobals) = postSolution
		SolutionGuid = {DC345C02-AAC6-4F69-915F-39B891CD013C}
	EndGlobalSection
EndGlobal
